github.com/NozomiNetworks/comshim v0.0.0-20241017122508-df7ba0b89485 h1:AmwrDqNDvV//P3AOVqem6n+WQR/Tq2Z28PeunKZ9Oa0=
github.com/NozomiNetworks/comshim v0.0.0-20241017122508-df7ba0b89485/go.mod h1:RS825256UevDX5P1oImjU4qUY3fwF6HDLHUD+Zbbd/A=
github.com/go-ole/go-ole v1.3.0 h1:Dt6ye7+vXGIKZ7Xtk4s6/xVdGDQynvom7xCFEdWr6uE=
github.com/go-ole/go-ole v1.3.0/go.mod h1:5LS6F96DhAwUc7C+1HLexzMXY1xGRSryjyPPKW6zv78=
golang.org/x/sys v0.1.0/go.mod h1:oPkhp1MJrh7nUepCBck5+mAzfO9JrbApNNgaTdGDITg=
golang.org/x/sys v0.22.0 h1:RI27ohtqKCnwULzJLqkv897zojh5/DwS/ENaMzUOaWI=
golang.org/x/sys v0.22.0/go.mod h1:/VUhepiaJMQUp4+oa/7Zr1D23ma6VTLIYjOOTFZPUcA=
